
Microsoft Visual Studio Solution File, Format Version 9.00
# Visual Studio 2005
Project("{2150E333-8FDC-42A3-9474-1A3956D46DE8}") = "iDeck", "iDeck", "{E5C26FAA-EF5E-48D2-94CE-E9A70D345F72}"
EndProject
Project("{FAE04EC0-301F-11D3-BF4B-00C04F79EFBC}") = "iDeck", "iDeck\iDeck.csproj", "{2384F4EE-1FB7-47CD-9D1F-2FA3759D1BEA}"
EndProject
Project("{FAE04EC0-301F-11D3-BF4B-00C04F79EFBC}") = "iPH.Commons", "Commons\Commons\iPH.Commons.csproj", "{E7632C00-6507-47CE-91CE-701798B7779F}"
EndProject
Project("{FAE04EC0-301F-11D3-BF4B-00C04F79EFBC}") = "LAC.ContextInformation", "Commons\ContextInformation\LAC.ContextInformation.csproj", "{165BAA2C-B9D6-4CE0-A5A5-A585BC5EABD5}"
EndProject
Project("{2150E333-8FDC-42A3-9474-1A3956D46DE8}") = "Context", "Context", "{CA6FCC16-7C32-43FC-81CA-ED3203860963}"
EndProject
Project("{2150E333-8FDC-42A3-9474-1A3956D46DE8}") = "Functions", "Functions", "{AAAAF838-4D78-40F5-870A-DCAE3CA0982D}"
EndProject
Project("{2150E333-8FDC-42A3-9474-1A3956D46DE8}") = "Commons", "Commons", "{2DFF7F30-2C5D-4076-8CF6-0DCE486E976B}"
EndProject
Project("{2150E333-8FDC-42A3-9474-1A3956D46DE8}") = "iPH", "iPH", "{9BCB5742-AEAF-4E99-B8D5-590F72BA46A4}"
EndProject
Project("{2150E333-8FDC-42A3-9474-1A3956D46DE8}") = "Mobile", "Mobile", "{37AEA3CB-6D72-40FD-830F-F3AE8F89CA26}"
EndProject
Project("{2150E333-8FDC-42A3-9474-1A3956D46DE8}") = "Desktop", "Desktop", "{73E6BDCA-D86A-4291-AFF7-1A20A711BF9F}"
EndProject
Project("{FAE04EC0-301F-11D3-BF4B-00C04F79EFBC}") = "LAC.Functions", "Commons\LAC.Functions\LAC.Functions.csproj", "{03F8E2E9-390E-431F-A3E6-DDBA2F0DEFB5}"
EndProject
Project("{FAE04EC0-301F-11D3-BF4B-00C04F79EFBC}") = "iPH.Desktop", "Tool\Desktop\iP4HDesktop\iPH.Desktop.csproj", "{C08D5E61-345F-488A-B7C1-15459F67704A}"
EndProject
Project("{FAE04EC0-301F-11D3-BF4B-00C04F79EFBC}") = "iPH.Mobile", "Tool\Mobile\iP4HMobile\iPH.Mobile.csproj", "{317EFF49-7F8A-45FA-A90D-F1914F977725}"
EndProject
Project("{2150E333-8FDC-42A3-9474-1A3956D46DE8}") = "API", "API", "{4D116D26-8187-44B4-8949-B6562797CDBC}"
EndProject
Project("{FAE04EC0-301F-11D3-BF4B-00C04F79EFBC}") = "Identity.CF", "..\CCXP4\CompactConferenceXP\Identity.CF\Identity.CF.csproj", "{A9859B15-A34F-48A3-AA1D-E3108719E90C}"
EndProject
Project("{FAE04EC0-301F-11D3-BF4B-00C04F79EFBC}") = "NetworkingBasics.CF", "..\CCXP4\CompactConferenceXP\NetworkingBasics.CF\NetworkingBasics.CF.csproj", "{D72A99EC-2A0D-4221-835F-94E6F2291547}"
EndProject
Project("{FAE04EC0-301F-11D3-BF4B-00C04F79EFBC}") = "LSTCommon.CF", "..\CCXP4\CompactConferenceXP\LSTCommon.CF\LSTCommon.CF.csproj", "{354CDA2F-CD7B-464D-9EE2-4C2DB424CCB0}"
EndProject
Project("{FAE04EC0-301F-11D3-BF4B-00C04F79EFBC}") = "Utils", "..\CCXP4\CompactConferenceXP\Utils\Utils.csproj", "{6B297DE9-5126-4013-8015-C95F5E87DD5A}"
EndProject
Project("{FAE04EC0-301F-11D3-BF4B-00C04F79EFBC}") = "MSR.LST.Net.Rtp.CF", "..\CCXP4\CompactConferenceXP\MSR.LST.Net.Rtp.CF\MSR.LST.Net.Rtp.CF.csproj", "{8CDF6129-1D9D-4A28-8FAA-F360BDEAB322}"
EndProject
Project("{FAE04EC0-301F-11D3-BF4B-00C04F79EFBC}") = "ConferenceXPInterfaces.CF", "..\CCXP4\CompactConferenceXP\ConferenceXPInterfaces.CF\ConferenceXPInterfaces.CF.csproj", "{DC378072-6688-4C18-8D43-6E3320CB8FD1}"
EndProject
Project("{FAE04EC0-301F-11D3-BF4B-00C04F79EFBC}") = "RTDocuments.CF", "..\CCXP4\CompactConferenceXP\RTDocuments.CF\RTDocuments.CF.csproj", "{6DA66B72-455C-4DB0-9B6E-D927E50120D9}"
EndProject
Project("{FAE04EC0-301F-11D3-BF4B-00C04F79EFBC}") = "Conference.CF", "..\CCXP4\CompactConferenceXP\Conference.CF\Conference.CF.csproj", "{70EF786A-E05E-46D3-A420-34D7A83F66F4}"
EndProject
Project("{2150E333-8FDC-42A3-9474-1A3956D46DE8}") = "Contributions", "Contributions", "{3B5E1F30-8382-46DC-AF81-6DD4C799E021}"
EndProject
Project("{B900F1C2-3D47-4FEC-85B3-04AAF18C3634}") = "iPH.Mobile.Setup", "Tool\Mobile\iP4HMobileSetup\iP4HMobileSetup.vddproj", "{F8F5321B-B1D6-4186-A62C-6464C8A19995}"
EndProject
Project("{54435603-DBB4-11D2-8724-00A0C9A8B90C}") = "iPH.Desktop.Setup", "Tool\Desktop\iP4HDesktopSetup\iP4HDesktopSetup.vdproj", "{B206BC21-8158-40A7-9C8A-B39FAE3B3FCA}"
EndProject
Project("{2150E333-8FDC-42A3-9474-1A3956D46DE8}") = "Communications", "Communications", "{026F0536-09FB-4545-8580-CA504751CA95}"
EndProject
Project("{FAE04EC0-301F-11D3-BF4B-00C04F79EFBC}") = "LAC.Communications", "Commons\LAC.Communications\LAC.Communications.csproj", "{4271FA08-08DA-48B9-BF75-DE33A30754C7}"
EndProject
Project("{2150E333-8FDC-42A3-9474-1A3956D46DE8}") = "LAC", "LAC", "{AFCAA40E-3E2C-44AD-A302-139085D69581}"
EndProject
Project("{2150E333-8FDC-42A3-9474-1A3956D46DE8}") = "CCXP", "CCXP", "{FA03CD25-B7F5-4D56-B970-89338BB6D3C7}"
EndProject
Project("{FAE04EC0-301F-11D3-BF4B-00C04F79EFBC}") = "LAC.Contribs", "..\LAC.Contributions\LAC.Contribution\LAC.Contribs.csproj", "{CD40A8C1-A2BB-478F-BC4D-5F4D434949D4}"
EndProject
Global
	GlobalSection(SolutionConfigurationPlatforms) = preSolution
		Debug|Any CPU = Debug|Any CPU
		Release|Any CPU = Release|Any CPU
	EndGlobalSection
	GlobalSection(ProjectConfigurationPlatforms) = postSolution
		{2384F4EE-1FB7-47CD-9D1F-2FA3759D1BEA}.Debug|Any CPU.ActiveCfg = Debug|Any CPU
		{2384F4EE-1FB7-47CD-9D1F-2FA3759D1BEA}.Release|Any CPU.ActiveCfg = Release|Any CPU
		{2384F4EE-1FB7-47CD-9D1F-2FA3759D1BEA}.Release|Any CPU.Build.0 = Release|Any CPU
		{E7632C00-6507-47CE-91CE-701798B7779F}.Debug|Any CPU.ActiveCfg = Debug|Any CPU
		{E7632C00-6507-47CE-91CE-701798B7779F}.Debug|Any CPU.Build.0 = Debug|Any CPU
		{E7632C00-6507-47CE-91CE-701798B7779F}.Release|Any CPU.ActiveCfg = Release|Any CPU
		{E7632C00-6507-47CE-91CE-701798B7779F}.Release|Any CPU.Build.0 = Release|Any CPU
		{165BAA2C-B9D6-4CE0-A5A5-A585BC5EABD5}.Debug|Any CPU.ActiveCfg = Debug|Any CPU
		{165BAA2C-B9D6-4CE0-A5A5-A585BC5EABD5}.Debug|Any CPU.Build.0 = Debug|Any CPU
		{165BAA2C-B9D6-4CE0-A5A5-A585BC5EABD5}.Release|Any CPU.ActiveCfg = Release|Any CPU
		{165BAA2C-B9D6-4CE0-A5A5-A585BC5EABD5}.Release|Any CPU.Build.0 = Release|Any CPU
		{03F8E2E9-390E-431F-A3E6-DDBA2F0DEFB5}.Debug|Any CPU.ActiveCfg = Debug|Any CPU
		{03F8E2E9-390E-431F-A3E6-DDBA2F0DEFB5}.Debug|Any CPU.Build.0 = Debug|Any CPU
		{03F8E2E9-390E-431F-A3E6-DDBA2F0DEFB5}.Release|Any CPU.ActiveCfg = Release|Any CPU
		{03F8E2E9-390E-431F-A3E6-DDBA2F0DEFB5}.Release|Any CPU.Build.0 = Release|Any CPU
		{C08D5E61-345F-488A-B7C1-15459F67704A}.Debug|Any CPU.ActiveCfg = Debug|Any CPU
		{C08D5E61-345F-488A-B7C1-15459F67704A}.Debug|Any CPU.Build.0 = Debug|Any CPU
		{C08D5E61-345F-488A-B7C1-15459F67704A}.Release|Any CPU.ActiveCfg = Release|Any CPU
		{C08D5E61-345F-488A-B7C1-15459F67704A}.Release|Any CPU.Build.0 = Release|Any CPU
		{317EFF49-7F8A-45FA-A90D-F1914F977725}.Debug|Any CPU.ActiveCfg = Debug|Any CPU
		{317EFF49-7F8A-45FA-A90D-F1914F977725}.Release|Any CPU.ActiveCfg = Release|Any CPU
		{317EFF49-7F8A-45FA-A90D-F1914F977725}.Release|Any CPU.Build.0 = Release|Any CPU
		{317EFF49-7F8A-45FA-A90D-F1914F977725}.Release|Any CPU.Deploy.0 = Release|Any CPU
		{A9859B15-A34F-48A3-AA1D-E3108719E90C}.Debug|Any CPU.ActiveCfg = Debug|Any CPU
		{A9859B15-A34F-48A3-AA1D-E3108719E90C}.Debug|Any CPU.Build.0 = Debug|Any CPU
		{A9859B15-A34F-48A3-AA1D-E3108719E90C}.Release|Any CPU.ActiveCfg = Release|Any CPU
		{A9859B15-A34F-48A3-AA1D-E3108719E90C}.Release|Any CPU.Build.0 = Release|Any CPU
		{D72A99EC-2A0D-4221-835F-94E6F2291547}.Debug|Any CPU.ActiveCfg = Debug|Any CPU
		{D72A99EC-2A0D-4221-835F-94E6F2291547}.Debug|Any CPU.Build.0 = Debug|Any CPU
		{D72A99EC-2A0D-4221-835F-94E6F2291547}.Release|Any CPU.ActiveCfg = Release|Any CPU
		{D72A99EC-2A0D-4221-835F-94E6F2291547}.Release|Any CPU.Build.0 = Release|Any CPU
		{354CDA2F-CD7B-464D-9EE2-4C2DB424CCB0}.Debug|Any CPU.ActiveCfg = Debug|Any CPU
		{354CDA2F-CD7B-464D-9EE2-4C2DB424CCB0}.Debug|Any CPU.Build.0 = Debug|Any CPU
		{354CDA2F-CD7B-464D-9EE2-4C2DB424CCB0}.Release|Any CPU.ActiveCfg = Release|Any CPU
		{354CDA2F-CD7B-464D-9EE2-4C2DB424CCB0}.Release|Any CPU.Build.0 = Release|Any CPU
		{6B297DE9-5126-4013-8015-C95F5E87DD5A}.Debug|Any CPU.ActiveCfg = Debug|Any CPU
		{6B297DE9-5126-4013-8015-C95F5E87DD5A}.Debug|Any CPU.Build.0 = Debug|Any CPU
		{6B297DE9-5126-4013-8015-C95F5E87DD5A}.Release|Any CPU.ActiveCfg = Release|Any CPU
		{6B297DE9-5126-4013-8015-C95F5E87DD5A}.Release|Any CPU.Build.0 = Release|Any CPU
		{8CDF6129-1D9D-4A28-8FAA-F360BDEAB322}.Debug|Any CPU.ActiveCfg = Debug|Any CPU
		{8CDF6129-1D9D-4A28-8FAA-F360BDEAB322}.Debug|Any CPU.Build.0 = Debug|Any CPU
		{8CDF6129-1D9D-4A28-8FAA-F360BDEAB322}.Release|Any CPU.ActiveCfg = Release|Any CPU
		{8CDF6129-1D9D-4A28-8FAA-F360BDEAB322}.Release|Any CPU.Build.0 = Release|Any CPU
		{DC378072-6688-4C18-8D43-6E3320CB8FD1}.Debug|Any CPU.ActiveCfg = Debug|Any CPU
		{DC378072-6688-4C18-8D43-6E3320CB8FD1}.Debug|Any CPU.Build.0 = Debug|Any CPU
		{DC378072-6688-4C18-8D43-6E3320CB8FD1}.Release|Any CPU.ActiveCfg = Release|Any CPU
		{DC378072-6688-4C18-8D43-6E3320CB8FD1}.Release|Any CPU.Build.0 = Release|Any CPU
		{6DA66B72-455C-4DB0-9B6E-D927E50120D9}.Debug|Any CPU.ActiveCfg = Debug|Any CPU
		{6DA66B72-455C-4DB0-9B6E-D927E50120D9}.Debug|Any CPU.Build.0 = Debug|Any CPU
		{6DA66B72-455C-4DB0-9B6E-D927E50120D9}.Release|Any CPU.ActiveCfg = Release|Any CPU
		{6DA66B72-455C-4DB0-9B6E-D927E50120D9}.Release|Any CPU.Build.0 = Release|Any CPU
		{70EF786A-E05E-46D3-A420-34D7A83F66F4}.Debug|Any CPU.ActiveCfg = Debug|Any CPU
		{70EF786A-E05E-46D3-A420-34D7A83F66F4}.Debug|Any CPU.Build.0 = Debug|Any CPU
		{70EF786A-E05E-46D3-A420-34D7A83F66F4}.Release|Any CPU.ActiveCfg = Release|Any CPU
		{70EF786A-E05E-46D3-A420-34D7A83F66F4}.Release|Any CPU.Build.0 = Release|Any CPU
		{F8F5321B-B1D6-4186-A62C-6464C8A19995}.Debug|Any CPU.ActiveCfg = Debug
		{F8F5321B-B1D6-4186-A62C-6464C8A19995}.Release|Any CPU.ActiveCfg = Release
		{B206BC21-8158-40A7-9C8A-B39FAE3B3FCA}.Debug|Any CPU.ActiveCfg = Debug
		{B206BC21-8158-40A7-9C8A-B39FAE3B3FCA}.Release|Any CPU.ActiveCfg = Release
		{4271FA08-08DA-48B9-BF75-DE33A30754C7}.Debug|Any CPU.ActiveCfg = Debug|Any CPU
		{4271FA08-08DA-48B9-BF75-DE33A30754C7}.Debug|Any CPU.Build.0 = Debug|Any CPU
		{4271FA08-08DA-48B9-BF75-DE33A30754C7}.Release|Any CPU.ActiveCfg = Release|Any CPU
		{4271FA08-08DA-48B9-BF75-DE33A30754C7}.Release|Any CPU.Build.0 = Release|Any CPU
		{CD40A8C1-A2BB-478F-BC4D-5F4D434949D4}.Debug|Any CPU.ActiveCfg = Debug|Any CPU
		{CD40A8C1-A2BB-478F-BC4D-5F4D434949D4}.Debug|Any CPU.Build.0 = Debug|Any CPU
		{CD40A8C1-A2BB-478F-BC4D-5F4D434949D4}.Release|Any CPU.ActiveCfg = Release|Any CPU
		{CD40A8C1-A2BB-478F-BC4D-5F4D434949D4}.Release|Any CPU.Build.0 = Release|Any CPU
	EndGlobalSection
	GlobalSection(SolutionProperties) = preSolution
		HideSolutionNode = FALSE
	EndGlobalSection
	GlobalSection(NestedProjects) = preSolution
		{E5C26FAA-EF5E-48D2-94CE-E9A70D345F72} = {9BCB5742-AEAF-4E99-B8D5-590F72BA46A4}
		{2DFF7F30-2C5D-4076-8CF6-0DCE486E976B} = {9BCB5742-AEAF-4E99-B8D5-590F72BA46A4}
		{37AEA3CB-6D72-40FD-830F-F3AE8F89CA26} = {9BCB5742-AEAF-4E99-B8D5-590F72BA46A4}
		{73E6BDCA-D86A-4291-AFF7-1A20A711BF9F} = {9BCB5742-AEAF-4E99-B8D5-590F72BA46A4}
		{2384F4EE-1FB7-47CD-9D1F-2FA3759D1BEA} = {E5C26FAA-EF5E-48D2-94CE-E9A70D345F72}
		{E7632C00-6507-47CE-91CE-701798B7779F} = {2DFF7F30-2C5D-4076-8CF6-0DCE486E976B}
		{CA6FCC16-7C32-43FC-81CA-ED3203860963} = {AFCAA40E-3E2C-44AD-A302-139085D69581}
		{AAAAF838-4D78-40F5-870A-DCAE3CA0982D} = {AFCAA40E-3E2C-44AD-A302-139085D69581}
		{3B5E1F30-8382-46DC-AF81-6DD4C799E021} = {AFCAA40E-3E2C-44AD-A302-139085D69581}
		{026F0536-09FB-4545-8580-CA504751CA95} = {AFCAA40E-3E2C-44AD-A302-139085D69581}
		{165BAA2C-B9D6-4CE0-A5A5-A585BC5EABD5} = {CA6FCC16-7C32-43FC-81CA-ED3203860963}
		{03F8E2E9-390E-431F-A3E6-DDBA2F0DEFB5} = {AAAAF838-4D78-40F5-870A-DCAE3CA0982D}
		{317EFF49-7F8A-45FA-A90D-F1914F977725} = {37AEA3CB-6D72-40FD-830F-F3AE8F89CA26}
		{F8F5321B-B1D6-4186-A62C-6464C8A19995} = {37AEA3CB-6D72-40FD-830F-F3AE8F89CA26}
		{C08D5E61-345F-488A-B7C1-15459F67704A} = {73E6BDCA-D86A-4291-AFF7-1A20A711BF9F}
		{B206BC21-8158-40A7-9C8A-B39FAE3B3FCA} = {73E6BDCA-D86A-4291-AFF7-1A20A711BF9F}
		{4D116D26-8187-44B4-8949-B6562797CDBC} = {FA03CD25-B7F5-4D56-B970-89338BB6D3C7}
		{D72A99EC-2A0D-4221-835F-94E6F2291547} = {4D116D26-8187-44B4-8949-B6562797CDBC}
		{354CDA2F-CD7B-464D-9EE2-4C2DB424CCB0} = {4D116D26-8187-44B4-8949-B6562797CDBC}
		{6B297DE9-5126-4013-8015-C95F5E87DD5A} = {4D116D26-8187-44B4-8949-B6562797CDBC}
		{8CDF6129-1D9D-4A28-8FAA-F360BDEAB322} = {4D116D26-8187-44B4-8949-B6562797CDBC}
		{DC378072-6688-4C18-8D43-6E3320CB8FD1} = {4D116D26-8187-44B4-8949-B6562797CDBC}
		{6DA66B72-455C-4DB0-9B6E-D927E50120D9} = {4D116D26-8187-44B4-8949-B6562797CDBC}
		{70EF786A-E05E-46D3-A420-34D7A83F66F4} = {4D116D26-8187-44B4-8949-B6562797CDBC}
		{A9859B15-A34F-48A3-AA1D-E3108719E90C} = {4D116D26-8187-44B4-8949-B6562797CDBC}
		{CD40A8C1-A2BB-478F-BC4D-5F4D434949D4} = {3B5E1F30-8382-46DC-AF81-6DD4C799E021}
		{4271FA08-08DA-48B9-BF75-DE33A30754C7} = {026F0536-09FB-4545-8580-CA504751CA95}
	EndGlobalSection
EndGlobal
