
Microsoft Visual Studio Solution File, Format Version 9.00
# Visual Studio 2005
Project("{2150E333-8FDC-42A3-9474-1A3956D46DE8}") = "CompactConferenceAPI", "CompactConferenceAPI", "{4D116D26-8187-44B4-8949-B6562797CDBC}"
EndProject
Project("{FAE04EC0-301F-11D3-BF4B-00C04F79EFBC}") = "Identity.CF", "CompactConferenceXP\Identity.CF\Identity.CF.csproj", "{A9859B15-A34F-48A3-AA1D-E3108719E90C}"
EndProject
Project("{FAE04EC0-301F-11D3-BF4B-00C04F79EFBC}") = "NetworkingBasics.CF", "CompactConferenceXP\NetworkingBasics.CF\NetworkingBasics.CF.csproj", "{D72A99EC-2A0D-4221-835F-94E6F2291547}"
EndProject
Project("{FAE04EC0-301F-11D3-BF4B-00C04F79EFBC}") = "LSTCommon.CF", "CompactConferenceXP\LSTCommon.CF\LSTCommon.CF.csproj", "{354CDA2F-CD7B-464D-9EE2-4C2DB424CCB0}"
EndProject
Project("{FAE04EC0-301F-11D3-BF4B-00C04F79EFBC}") = "Utils", "CompactConferenceXP\Utils\Utils.csproj", "{6B297DE9-5126-4013-8015-C95F5E87DD5A}"
EndProject
Project("{FAE04EC0-301F-11D3-BF4B-00C04F79EFBC}") = "MSR.LST.Net.Rtp.CF", "CompactConferenceXP\MSR.LST.Net.Rtp.CF\MSR.LST.Net.Rtp.CF.csproj", "{8CDF6129-1D9D-4A28-8FAA-F360BDEAB322}"
EndProject
Project("{FAE04EC0-301F-11D3-BF4B-00C04F79EFBC}") = "ConferenceXPInterfaces.CF", "CompactConferenceXP\ConferenceXPInterfaces.CF\ConferenceXPInterfaces.CF.csproj", "{DC378072-6688-4C18-8D43-6E3320CB8FD1}"
EndProject
Project("{FAE04EC0-301F-11D3-BF4B-00C04F79EFBC}") = "RTDocuments.CF", "CompactConferenceXP\RTDocuments.CF\RTDocuments.CF.csproj", "{6DA66B72-455C-4DB0-9B6E-D927E50120D9}"
EndProject
Project("{FAE04EC0-301F-11D3-BF4B-00C04F79EFBC}") = "Conference.CF", "CompactConferenceXP\Conference.CF\Conference.CF.csproj", "{70EF786A-E05E-46D3-A420-34D7A83F66F4}"
EndProject
Global
	GlobalSection(SolutionConfigurationPlatforms) = preSolution
		Debug|Any CPU = Debug|Any CPU
		Release|Any CPU = Release|Any CPU
	EndGlobalSection
	GlobalSection(ProjectConfigurationPlatforms) = postSolution
		{A9859B15-A34F-48A3-AA1D-E3108719E90C}.Debug|Any CPU.ActiveCfg = Debug|Any CPU
		{A9859B15-A34F-48A3-AA1D-E3108719E90C}.Debug|Any CPU.Build.0 = Debug|Any CPU
		{A9859B15-A34F-48A3-AA1D-E3108719E90C}.Release|Any CPU.ActiveCfg = Release|Any CPU
		{A9859B15-A34F-48A3-AA1D-E3108719E90C}.Release|Any CPU.Build.0 = Release|Any CPU
		{D72A99EC-2A0D-4221-835F-94E6F2291547}.Debug|Any CPU.ActiveCfg = Debug|Any CPU
		{D72A99EC-2A0D-4221-835F-94E6F2291547}.Debug|Any CPU.Build.0 = Debug|Any CPU
		{D72A99EC-2A0D-4221-835F-94E6F2291547}.Release|Any CPU.ActiveCfg = Release|Any CPU
		{D72A99EC-2A0D-4221-835F-94E6F2291547}.Release|Any CPU.Build.0 = Release|Any CPU
		{354CDA2F-CD7B-464D-9EE2-4C2DB424CCB0}.Debug|Any CPU.ActiveCfg = Debug|Any CPU
		{354CDA2F-CD7B-464D-9EE2-4C2DB424CCB0}.Debug|Any CPU.Build.0 = Debug|Any CPU
		{354CDA2F-CD7B-464D-9EE2-4C2DB424CCB0}.Release|Any CPU.ActiveCfg = Release|Any CPU
		{354CDA2F-CD7B-464D-9EE2-4C2DB424CCB0}.Release|Any CPU.Build.0 = Release|Any CPU
		{6B297DE9-5126-4013-8015-C95F5E87DD5A}.Debug|Any CPU.ActiveCfg = Debug|Any CPU
		{6B297DE9-5126-4013-8015-C95F5E87DD5A}.Debug|Any CPU.Build.0 = Debug|Any CPU
		{6B297DE9-5126-4013-8015-C95F5E87DD5A}.Release|Any CPU.ActiveCfg = Release|Any CPU
		{6B297DE9-5126-4013-8015-C95F5E87DD5A}.Release|Any CPU.Build.0 = Release|Any CPU
		{8CDF6129-1D9D-4A28-8FAA-F360BDEAB322}.Debug|Any CPU.ActiveCfg = Debug|Any CPU
		{8CDF6129-1D9D-4A28-8FAA-F360BDEAB322}.Debug|Any CPU.Build.0 = Debug|Any CPU
		{8CDF6129-1D9D-4A28-8FAA-F360BDEAB322}.Release|Any CPU.ActiveCfg = Release|Any CPU
		{8CDF6129-1D9D-4A28-8FAA-F360BDEAB322}.Release|Any CPU.Build.0 = Release|Any CPU
		{DC378072-6688-4C18-8D43-6E3320CB8FD1}.Debug|Any CPU.ActiveCfg = Debug|Any CPU
		{DC378072-6688-4C18-8D43-6E3320CB8FD1}.Debug|Any CPU.Build.0 = Debug|Any CPU
		{DC378072-6688-4C18-8D43-6E3320CB8FD1}.Release|Any CPU.ActiveCfg = Release|Any CPU
		{DC378072-6688-4C18-8D43-6E3320CB8FD1}.Release|Any CPU.Build.0 = Release|Any CPU
		{6DA66B72-455C-4DB0-9B6E-D927E50120D9}.Debug|Any CPU.ActiveCfg = Debug|Any CPU
		{6DA66B72-455C-4DB0-9B6E-D927E50120D9}.Debug|Any CPU.Build.0 = Debug|Any CPU
		{6DA66B72-455C-4DB0-9B6E-D927E50120D9}.Release|Any CPU.ActiveCfg = Release|Any CPU
		{6DA66B72-455C-4DB0-9B6E-D927E50120D9}.Release|Any CPU.Build.0 = Release|Any CPU
		{70EF786A-E05E-46D3-A420-34D7A83F66F4}.Debug|Any CPU.ActiveCfg = Debug|Any CPU
		{70EF786A-E05E-46D3-A420-34D7A83F66F4}.Debug|Any CPU.Build.0 = Debug|Any CPU
		{70EF786A-E05E-46D3-A420-34D7A83F66F4}.Release|Any CPU.ActiveCfg = Release|Any CPU
		{70EF786A-E05E-46D3-A420-34D7A83F66F4}.Release|Any CPU.Build.0 = Release|Any CPU
	EndGlobalSection
	GlobalSection(SolutionProperties) = preSolution
		HideSolutionNode = FALSE
	EndGlobalSection
	GlobalSection(NestedProjects) = preSolution
		{A9859B15-A34F-48A3-AA1D-E3108719E90C} = {4D116D26-8187-44B4-8949-B6562797CDBC}
		{D72A99EC-2A0D-4221-835F-94E6F2291547} = {4D116D26-8187-44B4-8949-B6562797CDBC}
		{354CDA2F-CD7B-464D-9EE2-4C2DB424CCB0} = {4D116D26-8187-44B4-8949-B6562797CDBC}
		{8CDF6129-1D9D-4A28-8FAA-F360BDEAB322} = {4D116D26-8187-44B4-8949-B6562797CDBC}
		{DC378072-6688-4C18-8D43-6E3320CB8FD1} = {4D116D26-8187-44B4-8949-B6562797CDBC}
		{6DA66B72-455C-4DB0-9B6E-D927E50120D9} = {4D116D26-8187-44B4-8949-B6562797CDBC}
		{70EF786A-E05E-46D3-A420-34D7A83F66F4} = {4D116D26-8187-44B4-8949-B6562797CDBC}
		{6B297DE9-5126-4013-8015-C95F5E87DD5A} = {4D116D26-8187-44B4-8949-B6562797CDBC}
	EndGlobalSection
EndGlobal
