
Microsoft Visual Studio Solution File, Format Version 9.00
# Visual Studio 2005
Project("{FAE04EC0-301F-11D3-BF4B-00C04F79EFBC}") = "LAC.Contribution", "LAC.Contribution\LAC.Contribution.csproj", "{CD40A8C1-A2BB-478F-BC4D-5F4D434949D4}"
EndProject
Project("{FAE04EC0-301F-11D3-BF4B-00C04F79EFBC}") = "LAC.Ink", "LAC.Ink\LAC.Ink.csproj", "{BBC2775D-110E-4984-A2B5-59EECC6EBF8C}"
EndProject
Project("{2150E333-8FDC-42A3-9474-1A3956D46DE8}") = "Contributions", "Contributions", "{73A40EAD-7F93-40FA-8E5F-6DAB24CF00C8}"
EndProject
Project("{2150E333-8FDC-42A3-9474-1A3956D46DE8}") = "Tests", "Tests", "{78758C59-B9EA-4602-B1E6-17EE18C242B8}"
EndProject
Project("{FAE04EC0-301F-11D3-BF4B-00C04F79EFBC}") = "Contribution.Test", "Tests\Contribution.Test\Contribution.Test.csproj", "{25FF6185-834C-4DBF-A1E5-7B34D8231312}"
EndProject
Project("{FAE04EC0-301F-11D3-BF4B-00C04F79EFBC}") = "Contribution.SlidePanel.Test", "Tests\Contribution.SlidePanel.Test\Contribution.SlidePanel.Test.csproj", "{BC844BBB-26A6-4C44-9E8B-478D57A2DB77}"
EndProject
Project("{FAE04EC0-301F-11D3-BF4B-00C04F79EFBC}") = "Commons", "..\Commons\Commons\Commons.csproj", "{E7632C00-6507-47CE-91CE-701798B7779F}"
EndProject
Project("{FAE04EC0-301F-11D3-BF4B-00C04F79EFBC}") = "CommonFunctions", "..\Commons\CommonFunctions\CommonFunctions.csproj", "{AC013294-32C1-4B0F-9D75-9621F7EDB973}"
EndProject
Project("{FAE04EC0-301F-11D3-BF4B-00C04F79EFBC}") = "ContextInformation", "..\Commons\ContextInformation\ContextInformation.csproj", "{165BAA2C-B9D6-4CE0-A5A5-A585BC5EABD5}"
EndProject
Project("{2150E333-8FDC-42A3-9474-1A3956D46DE8}") = "Context", "Context", "{CA6FCC16-7C32-43FC-81CA-ED3203860963}"
EndProject
Project("{2150E333-8FDC-42A3-9474-1A3956D46DE8}") = "Functions", "Functions", "{AAAAF838-4D78-40F5-870A-DCAE3CA0982D}"
EndProject
Project("{2150E333-8FDC-42A3-9474-1A3956D46DE8}") = "Objects", "Objects", "{2DFF7F30-2C5D-4076-8CF6-0DCE486E976B}"
EndProject
Project("{2150E333-8FDC-42A3-9474-1A3956D46DE8}") = "Commons", "Commons", "{E37CFB8B-7230-4B40-ACA2-2A80ED049124}"
EndProject
Global
	GlobalSection(SolutionConfigurationPlatforms) = preSolution
		Debug|Any CPU = Debug|Any CPU
		Release|Any CPU = Release|Any CPU
	EndGlobalSection
	GlobalSection(ProjectConfigurationPlatforms) = postSolution
		{CD40A8C1-A2BB-478F-BC4D-5F4D434949D4}.Debug|Any CPU.ActiveCfg = Debug|Any CPU
		{CD40A8C1-A2BB-478F-BC4D-5F4D434949D4}.Debug|Any CPU.Build.0 = Debug|Any CPU
		{CD40A8C1-A2BB-478F-BC4D-5F4D434949D4}.Release|Any CPU.ActiveCfg = Release|Any CPU
		{CD40A8C1-A2BB-478F-BC4D-5F4D434949D4}.Release|Any CPU.Build.0 = Release|Any CPU
		{BBC2775D-110E-4984-A2B5-59EECC6EBF8C}.Debug|Any CPU.ActiveCfg = Debug|Any CPU
		{BBC2775D-110E-4984-A2B5-59EECC6EBF8C}.Debug|Any CPU.Build.0 = Debug|Any CPU
		{BBC2775D-110E-4984-A2B5-59EECC6EBF8C}.Release|Any CPU.ActiveCfg = Release|Any CPU
		{BBC2775D-110E-4984-A2B5-59EECC6EBF8C}.Release|Any CPU.Build.0 = Release|Any CPU
		{25FF6185-834C-4DBF-A1E5-7B34D8231312}.Debug|Any CPU.ActiveCfg = Debug|Any CPU
		{25FF6185-834C-4DBF-A1E5-7B34D8231312}.Debug|Any CPU.Build.0 = Debug|Any CPU
		{25FF6185-834C-4DBF-A1E5-7B34D8231312}.Release|Any CPU.ActiveCfg = Release|Any CPU
		{25FF6185-834C-4DBF-A1E5-7B34D8231312}.Release|Any CPU.Build.0 = Release|Any CPU
		{BC844BBB-26A6-4C44-9E8B-478D57A2DB77}.Debug|Any CPU.ActiveCfg = Debug|Any CPU
		{BC844BBB-26A6-4C44-9E8B-478D57A2DB77}.Debug|Any CPU.Build.0 = Debug|Any CPU
		{BC844BBB-26A6-4C44-9E8B-478D57A2DB77}.Release|Any CPU.ActiveCfg = Release|Any CPU
		{BC844BBB-26A6-4C44-9E8B-478D57A2DB77}.Release|Any CPU.Build.0 = Release|Any CPU
		{E7632C00-6507-47CE-91CE-701798B7779F}.Debug|Any CPU.ActiveCfg = Debug|Any CPU
		{E7632C00-6507-47CE-91CE-701798B7779F}.Debug|Any CPU.Build.0 = Debug|Any CPU
		{E7632C00-6507-47CE-91CE-701798B7779F}.Debug|Any CPU.Deploy.0 = Debug|Any CPU
		{E7632C00-6507-47CE-91CE-701798B7779F}.Release|Any CPU.ActiveCfg = Release|Any CPU
		{E7632C00-6507-47CE-91CE-701798B7779F}.Release|Any CPU.Build.0 = Release|Any CPU
		{E7632C00-6507-47CE-91CE-701798B7779F}.Release|Any CPU.Deploy.0 = Release|Any CPU
		{AC013294-32C1-4B0F-9D75-9621F7EDB973}.Debug|Any CPU.ActiveCfg = Debug|Any CPU
		{AC013294-32C1-4B0F-9D75-9621F7EDB973}.Debug|Any CPU.Build.0 = Debug|Any CPU
		{AC013294-32C1-4B0F-9D75-9621F7EDB973}.Debug|Any CPU.Deploy.0 = Debug|Any CPU
		{AC013294-32C1-4B0F-9D75-9621F7EDB973}.Release|Any CPU.ActiveCfg = Release|Any CPU
		{AC013294-32C1-4B0F-9D75-9621F7EDB973}.Release|Any CPU.Build.0 = Release|Any CPU
		{AC013294-32C1-4B0F-9D75-9621F7EDB973}.Release|Any CPU.Deploy.0 = Release|Any CPU
		{165BAA2C-B9D6-4CE0-A5A5-A585BC5EABD5}.Debug|Any CPU.ActiveCfg = Debug|Any CPU
		{165BAA2C-B9D6-4CE0-A5A5-A585BC5EABD5}.Debug|Any CPU.Build.0 = Debug|Any CPU
		{165BAA2C-B9D6-4CE0-A5A5-A585BC5EABD5}.Debug|Any CPU.Deploy.0 = Debug|Any CPU
		{165BAA2C-B9D6-4CE0-A5A5-A585BC5EABD5}.Release|Any CPU.ActiveCfg = Release|Any CPU
		{165BAA2C-B9D6-4CE0-A5A5-A585BC5EABD5}.Release|Any CPU.Build.0 = Release|Any CPU
		{165BAA2C-B9D6-4CE0-A5A5-A585BC5EABD5}.Release|Any CPU.Deploy.0 = Release|Any CPU
	EndGlobalSection
	GlobalSection(SolutionProperties) = preSolution
		HideSolutionNode = FALSE
	EndGlobalSection
	GlobalSection(NestedProjects) = preSolution
		{BBC2775D-110E-4984-A2B5-59EECC6EBF8C} = {73A40EAD-7F93-40FA-8E5F-6DAB24CF00C8}
		{CD40A8C1-A2BB-478F-BC4D-5F4D434949D4} = {73A40EAD-7F93-40FA-8E5F-6DAB24CF00C8}
		{78758C59-B9EA-4602-B1E6-17EE18C242B8} = {73A40EAD-7F93-40FA-8E5F-6DAB24CF00C8}
		{25FF6185-834C-4DBF-A1E5-7B34D8231312} = {78758C59-B9EA-4602-B1E6-17EE18C242B8}
		{BC844BBB-26A6-4C44-9E8B-478D57A2DB77} = {78758C59-B9EA-4602-B1E6-17EE18C242B8}
		{AAAAF838-4D78-40F5-870A-DCAE3CA0982D} = {E37CFB8B-7230-4B40-ACA2-2A80ED049124}
		{CA6FCC16-7C32-43FC-81CA-ED3203860963} = {E37CFB8B-7230-4B40-ACA2-2A80ED049124}
		{2DFF7F30-2C5D-4076-8CF6-0DCE486E976B} = {E37CFB8B-7230-4B40-ACA2-2A80ED049124}
		{AC013294-32C1-4B0F-9D75-9621F7EDB973} = {AAAAF838-4D78-40F5-870A-DCAE3CA0982D}
		{165BAA2C-B9D6-4CE0-A5A5-A585BC5EABD5} = {CA6FCC16-7C32-43FC-81CA-ED3203860963}
		{E7632C00-6507-47CE-91CE-701798B7779F} = {2DFF7F30-2C5D-4076-8CF6-0DCE486E976B}
	EndGlobalSection
EndGlobal
